
Microsoft Visual Studio Solution File, Format Version 12.00
Project("{FAE04EC0-301F-11D3-BF4B-00C04F79EFBC}") = "DDStudy2022.Api", "DDStudy2022.Api\DDStudy2022.Api.csproj", "{9C9EDD4A-AED4-4D6C-BD7F-D3041FDAD01E}"
EndProject
Project("{FAE04EC0-301F-11D3-BF4B-00C04F79EFBC}") = "DDStudy2022.DAL", "DDStudy2022.DAL\DDStudy2022.DAL.csproj", "{99FD9301-3E39-4C52-B5F7-56E5B322A7E9}"
EndProject
Project("{FAE04EC0-301F-11D3-BF4B-00C04F79EFBC}") = "DDStudy2022.Common", "DDStudy2022.Common\DDStudy2022.Common.csproj", "{C5906579-65BC-46AD-9DAA-F3740998809F}"
EndProject
Global
	GlobalSection(SolutionConfigurationPlatforms) = preSolution
		Debug|Any CPU = Debug|Any CPU
		Release|Any CPU = Release|Any CPU
	EndGlobalSection
	GlobalSection(ProjectConfigurationPlatforms) = postSolution
		{9C9EDD4A-AED4-4D6C-BD7F-D3041FDAD01E}.Debug|Any CPU.ActiveCfg = Debug|Any CPU
		{9C9EDD4A-AED4-4D6C-BD7F-D3041FDAD01E}.Debug|Any CPU.Build.0 = Debug|Any CPU
		{9C9EDD4A-AED4-4D6C-BD7F-D3041FDAD01E}.Release|Any CPU.ActiveCfg = Release|Any CPU
		{9C9EDD4A-AED4-4D6C-BD7F-D3041FDAD01E}.Release|Any CPU.Build.0 = Release|Any CPU
		{99FD9301-3E39-4C52-B5F7-56E5B322A7E9}.Debug|Any CPU.ActiveCfg = Debug|Any CPU
		{99FD9301-3E39-4C52-B5F7-56E5B322A7E9}.Debug|Any CPU.Build.0 = Debug|Any CPU
		{99FD9301-3E39-4C52-B5F7-56E5B322A7E9}.Release|Any CPU.ActiveCfg = Release|Any CPU
		{99FD9301-3E39-4C52-B5F7-56E5B322A7E9}.Release|Any CPU.Build.0 = Release|Any CPU
		{C5906579-65BC-46AD-9DAA-F3740998809F}.Debug|Any CPU.ActiveCfg = Debug|Any CPU
		{C5906579-65BC-46AD-9DAA-F3740998809F}.Debug|Any CPU.Build.0 = Debug|Any CPU
		{C5906579-65BC-46AD-9DAA-F3740998809F}.Release|Any CPU.ActiveCfg = Release|Any CPU
		{C5906579-65BC-46AD-9DAA-F3740998809F}.Release|Any CPU.Build.0 = Release|Any CPU
	EndGlobalSection
EndGlobal
